// !$*UTF8*$!
{
	archiveVersion = 1;
	classes = {};
	objectVersion = 77;
	objects = {

/* Begin PBXBuildFile section */
		100000000000000000000001 /* GoogleSignIn in Frameworks */ = {isa = PBXBuildFile; productRef = 100000000000000000000101 /* GoogleSignIn */; };
		100000000000000000000002 /* FirebaseMessaging in Frameworks */ = {isa = PBXBuildFile; productRef = 100000000000000000000102 /* FirebaseMessaging */; };
/* End PBXBuildFile section */

/* Begin PBXContainerItemProxy section */
		100000000000000000000011 /* PBXContainerItemProxy */ = {isa = PBXContainerItemProxy; containerPortal = 100000000000000000000200 /* Project object */; proxyType = 1; remoteGlobalIDString = 100000000000000000000210; remoteInfo = Playboard; };
		100000000000000000000012 /* PBXContainerItemProxy */ = {isa = PBXContainerItemProxy; containerPortal = 100000000000000000000200 /* Project object */; proxyType = 1; remoteGlobalIDString = 100000000000000000000210; remoteInfo = Playboard; };
/* End PBXContainerItemProxy section */

/* Begin PBXFileReference section */
		100000000000000000000021 /* Playboard.app */ = {isa = PBXFileReference; explicitFileType = wrapper.application; includeInIndex = 0; path = Playboard.app; sourceTree = BUILT_PRODUCTS_DIR; };
		100000000000000000000022 /* PlayboardTests.xctest */ = {isa = PBXFileReference; explicitFileType = wrapper.cfbundle; includeInIndex = 0; path = PlayboardTests.xctest; sourceTree = BUILT_PRODUCTS_DIR; };
		100000000000000000000023 /* PlayboardUITests.xctest */ = {isa = PBXFileReference; explicitFileType = wrapper.cfbundle; includeInIndex = 0; path = PlayboardUITests.xctest; sourceTree = BUILT_PRODUCTS_DIR; };
/* End PBXFileReference section */

/* Begin PBXFileSystemSynchronizedBuildFileExceptionSet section */
		100000000000000000000031 /* App exclusions */ = {
			isa = PBXFileSystemSynchronizedBuildFileExceptionSet;
			membershipExceptions = (
				Features/README.md,
				Resources/AppIconSource.png,
				Resources/Configuration/ProviderConfiguration.xcconfig.example,
				Resources/Configuration/README.md,
				Resources/Fonts/README.md,
				Resources/Info.plist,
			);
			target = 100000000000000000000210 /* Playboard */;
		};
/* End PBXFileSystemSynchronizedBuildFileExceptionSet section */

/* Begin PBXFileSystemSynchronizedRootGroup section */
		100000000000000000000041 /* Playboard */ = {isa = PBXFileSystemSynchronizedRootGroup; exceptions = (100000000000000000000031 /* App exclusions */, ); path = Playboard; sourceTree = "<group>"; };
		100000000000000000000042 /* PlayboardTests */ = {isa = PBXFileSystemSynchronizedRootGroup; path = PlayboardTests; sourceTree = "<group>"; };
		100000000000000000000043 /* PlayboardUITests */ = {isa = PBXFileSystemSynchronizedRootGroup; path = PlayboardUITests; sourceTree = "<group>"; };
/* End PBXFileSystemSynchronizedRootGroup section */

/* Begin PBXFrameworksBuildPhase section */
		100000000000000000000051 /* Frameworks */ = {isa = PBXFrameworksBuildPhase; buildActionMask = 2147483647; files = (100000000000000000000001 /* GoogleSignIn in Frameworks */, 100000000000000000000002 /* FirebaseMessaging in Frameworks */, ); runOnlyForDeploymentPostprocessing = 0; };
		100000000000000000000052 /* Frameworks */ = {isa = PBXFrameworksBuildPhase; buildActionMask = 2147483647; files = (); runOnlyForDeploymentPostprocessing = 0; };
		100000000000000000000053 /* Frameworks */ = {isa = PBXFrameworksBuildPhase; buildActionMask = 2147483647; files = (); runOnlyForDeploymentPostprocessing = 0; };
/* End PBXFrameworksBuildPhase section */

/* Begin PBXGroup section */
		100000000000000000000061 = {isa = PBXGroup; children = (100000000000000000000041 /* Playboard */, 100000000000000000000042 /* PlayboardTests */, 100000000000000000000043 /* PlayboardUITests */, 100000000000000000000062 /* Frameworks */, 100000000000000000000063 /* Products */, ); sourceTree = "<group>"; };
		100000000000000000000062 /* Frameworks */ = {isa = PBXGroup; children = (); name = Frameworks; sourceTree = "<group>"; };
		100000000000000000000063 /* Products */ = {isa = PBXGroup; children = (100000000000000000000021 /* Playboard.app */, 100000000000000000000022 /* PlayboardTests.xctest */, 100000000000000000000023 /* PlayboardUITests.xctest */, ); name = Products; sourceTree = "<group>"; };
/* End PBXGroup section */

/* Begin PBXNativeTarget section */
		100000000000000000000210 /* Playboard */ = {
			isa = PBXNativeTarget;
			buildConfigurationList = 100000000000000000000301 /* Build configuration list for PBXNativeTarget "Playboard" */;
			buildPhases = (100000000000000000000071 /* Sources */, 100000000000000000000051 /* Frameworks */, 100000000000000000000081 /* Resources */, );
			buildRules = ();
			dependencies = ();
			fileSystemSynchronizedGroups = (100000000000000000000041 /* Playboard */, );
			name = Playboard;
			packageProductDependencies = (100000000000000000000101 /* GoogleSignIn */, 100000000000000000000102 /* FirebaseMessaging */, );
			productName = Playboard;
			productReference = 100000000000000000000021 /* Playboard.app */;
			productType = "com.apple.product-type.application";
		};
		100000000000000000000211 /* PlayboardTests */ = {
			isa = PBXNativeTarget;
			buildConfigurationList = 100000000000000000000302 /* Build configuration list for PBXNativeTarget "PlayboardTests" */;
			buildPhases = (100000000000000000000072 /* Sources */, 100000000000000000000052 /* Frameworks */, 100000000000000000000082 /* Resources */, );
			buildRules = ();
			dependencies = (100000000000000000000091 /* PBXTargetDependency */, );
			fileSystemSynchronizedGroups = (100000000000000000000042 /* PlayboardTests */, );
			name = PlayboardTests;
			packageProductDependencies = ();
			productName = PlayboardTests;
			productReference = 100000000000000000000022 /* PlayboardTests.xctest */;
			productType = "com.apple.product-type.bundle.unit-test";
		};
		100000000000000000000212 /* PlayboardUITests */ = {
			isa = PBXNativeTarget;
			buildConfigurationList = 100000000000000000000303 /* Build configuration list for PBXNativeTarget "PlayboardUITests" */;
			buildPhases = (100000000000000000000073 /* Sources */, 100000000000000000000053 /* Frameworks */, 100000000000000000000083 /* Resources */, );
			buildRules = ();
			dependencies = (100000000000000000000092 /* PBXTargetDependency */, );
			fileSystemSynchronizedGroups = (100000000000000000000043 /* PlayboardUITests */, );
			name = PlayboardUITests;
			packageProductDependencies = ();
			productName = PlayboardUITests;
			productReference = 100000000000000000000023 /* PlayboardUITests.xctest */;
			productType = "com.apple.product-type.bundle.ui-testing";
		};
/* End PBXNativeTarget section */

/* Begin PBXProject section */
		100000000000000000000200 /* Project object */ = {
			isa = PBXProject;
			attributes = {
				BuildIndependentTargetsInParallel = 1;
				LastSwiftUpdateCheck = 2620;
				LastUpgradeCheck = 2620;
				TargetAttributes = {
					100000000000000000000210 = {CreatedOnToolsVersion = 26.2; };
					100000000000000000000211 = {CreatedOnToolsVersion = 26.2; TestTargetID = 100000000000000000000210; };
					100000000000000000000212 = {CreatedOnToolsVersion = 26.2; TestTargetID = 100000000000000000000210; };
				};
			};
			buildConfigurationList = 100000000000000000000300 /* Build configuration list for PBXProject "Playboard" */;
			compatibilityVersion = "Xcode 16.0";
			developmentRegion = en;
			hasScannedForEncodings = 0;
			knownRegions = (en, Base, );
			mainGroup = 100000000000000000000061;
			minimizedProjectReferenceProxies = 1;
			packageReferences = (100000000000000000000111 /* XCRemoteSwiftPackageReference "GoogleSignIn-iOS" */, 100000000000000000000112 /* XCRemoteSwiftPackageReference "firebase-ios-sdk" */, );
			preferredProjectObjectVersion = 77;
			productRefGroup = 100000000000000000000063 /* Products */;
			projectDirPath = "";
			projectRoot = "";
			targets = (100000000000000000000210 /* Playboard */, 100000000000000000000211 /* PlayboardTests */, 100000000000000000000212 /* PlayboardUITests */, );
		};
/* End PBXProject section */

/* Begin PBXResourcesBuildPhase section */
		100000000000000000000081 /* Resources */ = {isa = PBXResourcesBuildPhase; buildActionMask = 2147483647; files = (); runOnlyForDeploymentPostprocessing = 0; };
		100000000000000000000082 /* Resources */ = {isa = PBXResourcesBuildPhase; buildActionMask = 2147483647; files = (); runOnlyForDeploymentPostprocessing = 0; };
		100000000000000000000083 /* Resources */ = {isa = PBXResourcesBuildPhase; buildActionMask = 2147483647; files = (); runOnlyForDeploymentPostprocessing = 0; };
/* End PBXResourcesBuildPhase section */

/* Begin PBXSourcesBuildPhase section */
		100000000000000000000071 /* Sources */ = {isa = PBXSourcesBuildPhase; buildActionMask = 2147483647; files = (); runOnlyForDeploymentPostprocessing = 0; };
		100000000000000000000072 /* Sources */ = {isa = PBXSourcesBuildPhase; buildActionMask = 2147483647; files = (); runOnlyForDeploymentPostprocessing = 0; };
		100000000000000000000073 /* Sources */ = {isa = PBXSourcesBuildPhase; buildActionMask = 2147483647; files = (); runOnlyForDeploymentPostprocessing = 0; };
/* End PBXSourcesBuildPhase section */

/* Begin PBXTargetDependency section */
		100000000000000000000091 /* PBXTargetDependency */ = {isa = PBXTargetDependency; target = 100000000000000000000210 /* Playboard */; targetProxy = 100000000000000000000011 /* PBXContainerItemProxy */; };
		100000000000000000000092 /* PBXTargetDependency */ = {isa = PBXTargetDependency; target = 100000000000000000000210 /* Playboard */; targetProxy = 100000000000000000000012 /* PBXContainerItemProxy */; };
/* End PBXTargetDependency section */

/* Begin XCBuildConfiguration section */
		100000000000000000000311 /* Debug */ = {isa = XCBuildConfiguration; buildSettings = {CLANG_ENABLE_MODULES = YES; CLANG_ENABLE_OBJC_ARC = YES; CLANG_WARN_DOCUMENTATION_COMMENTS = YES; CLANG_WARN_QUOTED_INCLUDE_IN_FRAMEWORK_HEADER = YES; CODE_SIGNING_ALLOWED = NO; COPY_PHASE_STRIP = NO; DEBUG_INFORMATION_FORMAT = dwarf; ENABLE_TESTABILITY = YES; GCC_C_LANGUAGE_STANDARD = gnu17; GCC_TREAT_WARNINGS_AS_ERRORS = YES; IPHONEOS_DEPLOYMENT_TARGET = 17.0; MTL_ENABLE_DEBUG_INFO = INCLUDE_SOURCE; ONLY_ACTIVE_ARCH = YES; SDKROOT = iphoneos; SWIFT_ACTIVE_COMPILATION_CONDITIONS = "DEBUG $(inherited)"; SWIFT_OPTIMIZATION_LEVEL = "-Onone"; SWIFT_STRICT_CONCURRENCY = complete; SWIFT_TREAT_WARNINGS_AS_ERRORS = YES; SWIFT_VERSION = 6.0; TARGETED_DEVICE_FAMILY = 1; }; name = Debug; };
		100000000000000000000312 /* Release */ = {isa = XCBuildConfiguration; buildSettings = {CLANG_ENABLE_MODULES = YES; CLANG_ENABLE_OBJC_ARC = YES; CLANG_WARN_DOCUMENTATION_COMMENTS = YES; CLANG_WARN_QUOTED_INCLUDE_IN_FRAMEWORK_HEADER = YES; CODE_SIGNING_ALLOWED = NO; COPY_PHASE_STRIP = NO; DEBUG_INFORMATION_FORMAT = "dwarf-with-dsym"; ENABLE_NS_ASSERTIONS = NO; GCC_C_LANGUAGE_STANDARD = gnu17; GCC_TREAT_WARNINGS_AS_ERRORS = YES; IPHONEOS_DEPLOYMENT_TARGET = 17.0; MTL_ENABLE_DEBUG_INFO = NO; SDKROOT = iphoneos; SWIFT_COMPILATION_MODE = wholemodule; SWIFT_OPTIMIZATION_LEVEL = "-O"; SWIFT_STRICT_CONCURRENCY = complete; SWIFT_TREAT_WARNINGS_AS_ERRORS = YES; SWIFT_VERSION = 6.0; TARGETED_DEVICE_FAMILY = 1; VALIDATE_PRODUCT = YES; }; name = Release; };
		100000000000000000000321 /* Debug */ = {isa = XCBuildConfiguration; buildSettings = {API_BASE_URL = ""; ASSETCATALOG_COMPILER_ACCENT_COLOR_NAME = AccentColor; ASSETCATALOG_COMPILER_APPICON_NAME = AppIcon; CODE_SIGN_ENTITLEMENTS = Playboard/Playboard.entitlements; CODE_SIGN_STYLE = Manual; CURRENT_PROJECT_VERSION = 1; ENABLE_PREVIEWS = YES; GENERATE_INFOPLIST_FILE = NO; GOOGLE_CLIENT_ID = ""; GOOGLE_REVERSED_CLIENT_ID = ""; INFOPLIST_FILE = Playboard/Resources/Info.plist; LD_RUNPATH_SEARCH_PATHS = "$(inherited) @executable_path/Frameworks"; MARKETING_VERSION = 1.0; PRODUCT_BUNDLE_IDENTIFIER = com.org.playboard; PRODUCT_NAME = "$(TARGET_NAME)"; SUPPORTED_PLATFORMS = "iphoneos iphonesimulator"; SUPPORTS_MACCATALYST = NO; SUPPORTS_XR_DESIGNED_FOR_IPHONE_IPAD = NO; }; name = Debug; };
		100000000000000000000322 /* Release */ = {isa = XCBuildConfiguration; buildSettings = {API_BASE_URL = ""; ASSETCATALOG_COMPILER_ACCENT_COLOR_NAME = AccentColor; ASSETCATALOG_COMPILER_APPICON_NAME = AppIcon; CODE_SIGN_ENTITLEMENTS = Playboard/Playboard.entitlements; CODE_SIGN_STYLE = Manual; CURRENT_PROJECT_VERSION = 1; GENERATE_INFOPLIST_FILE = NO; GOOGLE_CLIENT_ID = ""; GOOGLE_REVERSED_CLIENT_ID = ""; INFOPLIST_FILE = Playboard/Resources/Info.plist; LD_RUNPATH_SEARCH_PATHS = "$(inherited) @executable_path/Frameworks"; MARKETING_VERSION = 1.0; PRODUCT_BUNDLE_IDENTIFIER = com.org.playboard; PRODUCT_NAME = "$(TARGET_NAME)"; SUPPORTED_PLATFORMS = "iphoneos iphonesimulator"; SUPPORTS_MACCATALYST = NO; SUPPORTS_XR_DESIGNED_FOR_IPHONE_IPAD = NO; }; name = Release; };
		100000000000000000000331 /* Debug */ = {isa = XCBuildConfiguration; buildSettings = {BUNDLE_LOADER = "$(TEST_HOST)"; CODE_SIGN_STYLE = Manual; GENERATE_INFOPLIST_FILE = YES; PRODUCT_BUNDLE_IDENTIFIER = com.org.playboard.tests; PRODUCT_NAME = "$(TARGET_NAME)"; SUPPORTED_PLATFORMS = "iphoneos iphonesimulator"; TEST_HOST = "$(BUILT_PRODUCTS_DIR)/Playboard.app/$(BUNDLE_EXECUTABLE_FOLDER_PATH)/Playboard"; }; name = Debug; };
		100000000000000000000332 /* Release */ = {isa = XCBuildConfiguration; buildSettings = {BUNDLE_LOADER = "$(TEST_HOST)"; CODE_SIGN_STYLE = Manual; GENERATE_INFOPLIST_FILE = YES; PRODUCT_BUNDLE_IDENTIFIER = com.org.playboard.tests; PRODUCT_NAME = "$(TARGET_NAME)"; SUPPORTED_PLATFORMS = "iphoneos iphonesimulator"; TEST_HOST = "$(BUILT_PRODUCTS_DIR)/Playboard.app/$(BUNDLE_EXECUTABLE_FOLDER_PATH)/Playboard"; }; name = Release; };
		100000000000000000000341 /* Debug */ = {isa = XCBuildConfiguration; buildSettings = {CODE_SIGN_STYLE = Manual; GENERATE_INFOPLIST_FILE = YES; PRODUCT_BUNDLE_IDENTIFIER = com.org.playboard.uitests; PRODUCT_NAME = "$(TARGET_NAME)"; SUPPORTED_PLATFORMS = "iphoneos iphonesimulator"; TEST_TARGET_NAME = Playboard; }; name = Debug; };
		100000000000000000000342 /* Release */ = {isa = XCBuildConfiguration; buildSettings = {CODE_SIGN_STYLE = Manual; GENERATE_INFOPLIST_FILE = YES; PRODUCT_BUNDLE_IDENTIFIER = com.org.playboard.uitests; PRODUCT_NAME = "$(TARGET_NAME)"; SUPPORTED_PLATFORMS = "iphoneos iphonesimulator"; TEST_TARGET_NAME = Playboard; }; name = Release; };
/* End XCBuildConfiguration section */

/* Begin XCConfigurationList section */
		100000000000000000000300 /* Build configuration list for PBXProject "Playboard" */ = {isa = XCConfigurationList; buildConfigurations = (100000000000000000000311 /* Debug */, 100000000000000000000312 /* Release */, ); defaultConfigurationIsVisible = 0; defaultConfigurationName = Release; };
		100000000000000000000301 /* Build configuration list for PBXNativeTarget "Playboard" */ = {isa = XCConfigurationList; buildConfigurations = (100000000000000000000321 /* Debug */, 100000000000000000000322 /* Release */, ); defaultConfigurationIsVisible = 0; defaultConfigurationName = Release; };
		100000000000000000000302 /* Build configuration list for PBXNativeTarget "PlayboardTests" */ = {isa = XCConfigurationList; buildConfigurations = (100000000000000000000331 /* Debug */, 100000000000000000000332 /* Release */, ); defaultConfigurationIsVisible = 0; defaultConfigurationName = Release; };
		100000000000000000000303 /* Build configuration list for PBXNativeTarget "PlayboardUITests" */ = {isa = XCConfigurationList; buildConfigurations = (100000000000000000000341 /* Debug */, 100000000000000000000342 /* Release */, ); defaultConfigurationIsVisible = 0; defaultConfigurationName = Release; };
/* End XCConfigurationList section */

/* Begin XCRemoteSwiftPackageReference section */
		100000000000000000000111 /* XCRemoteSwiftPackageReference "GoogleSignIn-iOS" */ = {isa = XCRemoteSwiftPackageReference; repositoryURL = "https://github.com/google/GoogleSignIn-iOS.git"; requirement = {kind = upToNextMajorVersion; minimumVersion = 9.2.0; }; };
		100000000000000000000112 /* XCRemoteSwiftPackageReference "firebase-ios-sdk" */ = {isa = XCRemoteSwiftPackageReference; repositoryURL = "https://github.com/firebase/firebase-ios-sdk.git"; requirement = {kind = upToNextMajorVersion; minimumVersion = 12.18.0; }; };
/* End XCRemoteSwiftPackageReference section */

/* Begin XCSwiftPackageProductDependency section */
		100000000000000000000101 /* GoogleSignIn */ = {isa = XCSwiftPackageProductDependency; package = 100000000000000000000111 /* XCRemoteSwiftPackageReference "GoogleSignIn-iOS" */; productName = GoogleSignIn; };
		100000000000000000000102 /* FirebaseMessaging */ = {isa = XCSwiftPackageProductDependency; package = 100000000000000000000112 /* XCRemoteSwiftPackageReference "firebase-ios-sdk" */; productName = FirebaseMessaging; };
/* End XCSwiftPackageProductDependency section */
	};
	rootObject = 100000000000000000000200 /* Project object */;
}
